
Microsoft Visual Studio Solution File, Format Version 12.00
# Visual Studio 15
Project("{FAE04EC0-301F-11D3-BF4B-00C04F79EFBC}") = "Assembly-CSharp", "Assembly-CSharp.csproj", "{D750F2AB-F178-5EF3-55DC-7300B9140211}"
EndProject
Project("{FAE04EC0-301F-11D3-BF4B-00C04F79EFBC}") = "Assembly-CSharp-Editor", "Assembly-CSharp-Editor.csproj", "{A88ECDBA-9FC2-F467-ECF5-6FD7004B924F}"
EndProject
Global
	GlobalSection(SolutionConfigurationPlatforms) = preSolution
		Debug|Any CPU = Debug|Any CPU
		Release|Any CPU = Release|Any CPU
	EndGlobalSection
	GlobalSection(ProjectConfigurationPlatforms) = postSolution
		{D750F2AB-F178-5EF3-55DC-7300B9140211}.Debug|Any CPU.ActiveCfg = Debug|Any CPU
		{D750F2AB-F178-5EF3-55DC-7300B9140211}.Debug|Any CPU.Build.0 = Debug|Any CPU
		{D750F2AB-F178-5EF3-55DC-7300B9140211}.Release|Any CPU.ActiveCfg = Release|Any CPU
		{D750F2AB-F178-5EF3-55DC-7300B9140211}.Release|Any CPU.Build.0 = Release|Any CPU
		{A88ECDBA-9FC2-F467-ECF5-6FD7004B924F}.Debug|Any CPU.ActiveCfg = Debug|Any CPU
		{A88ECDBA-9FC2-F467-ECF5-6FD7004B924F}.Debug|Any CPU.Build.0 = Debug|Any CPU
		{A88ECDBA-9FC2-F467-ECF5-6FD7004B924F}.Release|Any CPU.ActiveCfg = Release|Any CPU
		{A88ECDBA-9FC2-F467-ECF5-6FD7004B924F}.Release|Any CPU.Build.0 = Release|Any CPU
	EndGlobalSection
	GlobalSection(SolutionProperties) = preSolution
		HideSolutionNode = FALSE
	EndGlobalSection
EndGlobal
